
Microsoft Visual Studio Solution File, Format Version 12.00
# Visual Studio 15
VisualStudioVersion = 15.0.27130.2024
MinimumVisualStudioVersion = 10.0.40219.1
Project("{FAE04EC0-301F-11D3-BF4B-00C04F79EFBC}") = "LoadingApp.Web", "LoadingWebApp\LoadingApp.Web.csproj", "{4724557D-2E0D-4D76-83CB-7F13DE32F0DB}"
EndProject
Project("{FAE04EC0-301F-11D3-BF4B-00C04F79EFBC}") = "LoadingApp.RenderDataProvider", "LoadingApp.RenderDataProvider\LoadingApp.RenderDataProvider.csproj", "{33A0D0B3-9E89-4BD3-B3F5-54E1E735563D}"
EndProject
Project("{FAE04EC0-301F-11D3-BF4B-00C04F79EFBC}") = "LoadingApp.DataProvider", "LoadingApp.DataProvider\LoadingApp.DataProvider.csproj", "{B9C31BA3-9527-47DA-9B61-D50CCFF50D97}"
EndProject
Project("{FAE04EC0-301F-11D3-BF4B-00C04F79EFBC}") = "LoadingApp.Data", "LoadingApp.Data\LoadingApp.Data.csproj", "{724A3802-5446-4950-B302-B17EC63A41F7}"
EndProject
Project("{FAE04EC0-301F-11D3-BF4B-00C04F79EFBC}") = "LoadingApp.MathLib.Logic", "LoadingApp.MathLib.Logic\LoadingApp.MathLib.Logic.csproj", "{49BBDFF4-28BF-42D9-AD85-21E0BDED00E9}"
EndProject
Project("{FAE04EC0-301F-11D3-BF4B-00C04F79EFBC}") = "LoadingApp.MathLib.Logic.Tests", "LoadingApp.MathLib.Logic.Tests\LoadingApp.MathLib.Logic.Tests.csproj", "{1D9DF49C-53F0-42FF-806D-D6C4A6C19C11}"
EndProject
Global
	GlobalSection(SolutionConfigurationPlatforms) = preSolution
		Debug|Any CPU = Debug|Any CPU
		Release|Any CPU = Release|Any CPU
	EndGlobalSection
	GlobalSection(ProjectConfigurationPlatforms) = postSolution
		{4724557D-2E0D-4D76-83CB-7F13DE32F0DB}.Debug|Any CPU.ActiveCfg = Debug|Any CPU
		{4724557D-2E0D-4D76-83CB-7F13DE32F0DB}.Debug|Any CPU.Build.0 = Debug|Any CPU
		{4724557D-2E0D-4D76-83CB-7F13DE32F0DB}.Release|Any CPU.ActiveCfg = Release|Any CPU
		{4724557D-2E0D-4D76-83CB-7F13DE32F0DB}.Release|Any CPU.Build.0 = Release|Any CPU
		{33A0D0B3-9E89-4BD3-B3F5-54E1E735563D}.Debug|Any CPU.ActiveCfg = Debug|Any CPU
		{33A0D0B3-9E89-4BD3-B3F5-54E1E735563D}.Debug|Any CPU.Build.0 = Debug|Any CPU
		{33A0D0B3-9E89-4BD3-B3F5-54E1E735563D}.Release|Any CPU.ActiveCfg = Release|Any CPU
		{33A0D0B3-9E89-4BD3-B3F5-54E1E735563D}.Release|Any CPU.Build.0 = Release|Any CPU
		{B9C31BA3-9527-47DA-9B61-D50CCFF50D97}.Debug|Any CPU.ActiveCfg = Debug|Any CPU
		{B9C31BA3-9527-47DA-9B61-D50CCFF50D97}.Debug|Any CPU.Build.0 = Debug|Any CPU
		{B9C31BA3-9527-47DA-9B61-D50CCFF50D97}.Release|Any CPU.ActiveCfg = Release|Any CPU
		{B9C31BA3-9527-47DA-9B61-D50CCFF50D97}.Release|Any CPU.Build.0 = Release|Any CPU
		{724A3802-5446-4950-B302-B17EC63A41F7}.Debug|Any CPU.ActiveCfg = Debug|Any CPU
		{724A3802-5446-4950-B302-B17EC63A41F7}.Debug|Any CPU.Build.0 = Debug|Any CPU
		{724A3802-5446-4950-B302-B17EC63A41F7}.Release|Any CPU.ActiveCfg = Release|Any CPU
		{724A3802-5446-4950-B302-B17EC63A41F7}.Release|Any CPU.Build.0 = Release|Any CPU
		{49BBDFF4-28BF-42D9-AD85-21E0BDED00E9}.Debug|Any CPU.ActiveCfg = Debug|Any CPU
		{49BBDFF4-28BF-42D9-AD85-21E0BDED00E9}.Debug|Any CPU.Build.0 = Debug|Any CPU
		{49BBDFF4-28BF-42D9-AD85-21E0BDED00E9}.Release|Any CPU.ActiveCfg = Release|Any CPU
		{49BBDFF4-28BF-42D9-AD85-21E0BDED00E9}.Release|Any CPU.Build.0 = Release|Any CPU
		{1D9DF49C-53F0-42FF-806D-D6C4A6C19C11}.Debug|Any CPU.ActiveCfg = Debug|Any CPU
		{1D9DF49C-53F0-42FF-806D-D6C4A6C19C11}.Debug|Any CPU.Build.0 = Debug|Any CPU
		{1D9DF49C-53F0-42FF-806D-D6C4A6C19C11}.Release|Any CPU.ActiveCfg = Release|Any CPU
		{1D9DF49C-53F0-42FF-806D-D6C4A6C19C11}.Release|Any CPU.Build.0 = Release|Any CPU
	EndGlobalSection
	GlobalSection(SolutionProperties) = preSolution
		HideSolutionNode = FALSE
	EndGlobalSection
	GlobalSection(ExtensibilityGlobals) = postSolution
		SolutionGuid = {137D7A06-722F-416C-952D-77C28500F1A0}
	EndGlobalSection
EndGlobal
